
Microsoft Visual Studio Solution File, Format Version 12.00
# Visual Studio Version 16
VisualStudioVersion = 16.0.29709.97
MinimumVisualStudioVersion = 10.0.40219.1
Project("{FAE04EC0-301F-11D3-BF4B-00C04F79EFBC}") = "CaltexCustomerAPI", "CaltexCustomerAPI\CaltexCustomerAPI.csproj", "{84624014-9B39-4B4C-8CEA-A0963FCC30F2}"
EndProject
Global
	GlobalSection(SolutionConfigurationPlatforms) = preSolution
		Debug|Any CPU = Debug|Any CPU
		Release|Any CPU = Release|Any CPU
	EndGlobalSection
	GlobalSection(ProjectConfigurationPlatforms) = postSolution
		{84624014-9B39-4B4C-8CEA-A0963FCC30F2}.Debug|Any CPU.ActiveCfg = Debug|Any CPU
		{84624014-9B39-4B4C-8CEA-A0963FCC30F2}.Debug|Any CPU.Build.0 = Debug|Any CPU
		{84624014-9B39-4B4C-8CEA-A0963FCC30F2}.Release|Any CPU.ActiveCfg = Release|Any CPU
		{84624014-9B39-4B4C-8CEA-A0963FCC30F2}.Release|Any CPU.Build.0 = Release|Any CPU
	EndGlobalSection
	GlobalSection(SolutionProperties) = preSolution
		HideSolutionNode = FALSE
	EndGlobalSection
	GlobalSection(ExtensibilityGlobals) = postSolution
		SolutionGuid = {54BCBD40-109A-456C-B3F5-A4EFE5D6FD8D}
	EndGlobalSection
EndGlobal
